# generated by rye
# use `rye lock` or `rye sync` to update this lockfile
#
# last locked with the following flags:
#   pre: false
#   features: []
#   all-features: false
#   with-sources: false

-e file:.
colr==0.9.1
    # via tetris-project
iniconfig==2.0.0
    # via pytest
numpy==1.26.4
    # via tetris-project
packaging==23.2
    # via pytest
pluggy==1.4.0
    # via pytest
pytest==8.1.1
